{
  "requires": true,
  "lockfileVersion": 1,
  "dependencies": {
    "assertion-error": {
      "version": "1.1.0",
      "resolved": "https://registry.npmjs.org/assertion-error/-/assertion-error-1.1.0.tgz",
      "integrity": "sha512-jgsaNduz+ndvGyFt3uSuWqvy4lCnIJiovtouQN5JZHOKCS2QuhEdbcQHFhVksz2N2U9hXJo8odG7ETyWlEeuDw=="
    },
    "bn.js": {
      "version": "4.11.8",
      "resolved": "https://registry.npmjs.org/bn.js/-/bn.js-4.11.8.tgz",
      "integrity": "sha512-ItfYfPLkWHUjckQCk8xC+LwxgK8NYcXywGigJgSwOP8Y2iyWT4f2vsZnoOXTTbo+o5yXmIUJ4gn5538SO5S3gA=="
    },
    "lodash.isequal": {
      "version": "4.5.0",
      "resolved": "https://registry.npmjs.org/lodash.isequal/-/lodash.isequal-4.5.0.tgz",
      "integrity": "sha1-QVxEePK8wwEgwizhDtMib30+GOA="
    },
    "rlp": {
      "version": "2.2.3",
      "resolved": "https://registry.npmjs.org/rlp/-/rlp-2.2.3.tgz",
      "integrity": "sha512-l6YVrI7+d2vpW6D6rS05x2Xrmq8oW7v3pieZOJKBEdjuTF4Kz/iwk55Zyh1Zaz+KOB2kC8+2jZlp2u9L4tTzCQ==",
      "requires": {
        "bn.js": "^4.11.1",
        "safe-buffer": "^5.1.1"
      }
    },
    "safe-buffer": {
      "version": "5.1.2",
      "resolved": "https://registry.npmjs.org/safe-buffer/-/safe-buffer-5.1.2.tgz",
      "integrity": "sha512-Gd2UZBJDkXlY7GbJxfsE8/nvKkUEU1G38c1siN6QP6a9PT9MmHB8GnpscSmMJSoF8LOIrt8ud/wPtojys4G6+g=="
    },
    "truffle-assertions": {
      "version": "0.9.1",
      "resolved": "https://registry.npmjs.org/truffle-assertions/-/truffle-assertions-0.9.1.tgz",
      "integrity": "sha512-MtcyXMTzRfg8WfE3TfrbVJm9HWMTPFksWg0K/8ZhajaxzFyPJ56/9AzNjQCROQluI0X1vs6XDsegwMlT1UFUNw==",
      "requires": {
        "assertion-error": "^1.1.0",
        "lodash.isequal": "^4.5.0"
      }
    }
  }
}
